
Microsoft Visual Studio Solution File, Format Version 12.00
# Visual Studio Version 17
VisualStudioVersion = 17.8.34309.116
MinimumVisualStudioVersion = 10.0.40219.1
Project("{FAE04EC0-301F-11D3-BF4B-00C04F79EFBC}") = "ECommerceShopingCartASPNET8", "ECommerce\ECommerceShopingCartASPNET8.csproj", "{3E8D5847-C80F-401A-BB95-91C3A81DA7E4}"
EndProject
Global
	GlobalSection(SolutionConfigurationPlatforms) = preSolution
		Debug|Any CPU = Debug|Any CPU
		Release|Any CPU = Release|Any CPU
	EndGlobalSection
	GlobalSection(ProjectConfigurationPlatforms) = postSolution
		{3E8D5847-C80F-401A-BB95-91C3A81DA7E4}.Debug|Any CPU.ActiveCfg = Debug|Any CPU
		{3E8D5847-C80F-401A-BB95-91C3A81DA7E4}.Debug|Any CPU.Build.0 = Debug|Any CPU
		{3E8D5847-C80F-401A-BB95-91C3A81DA7E4}.Release|Any CPU.ActiveCfg = Release|Any CPU
		{3E8D5847-C80F-401A-BB95-91C3A81DA7E4}.Release|Any CPU.Build.0 = Release|Any CPU
	EndGlobalSection
	GlobalSection(SolutionProperties) = preSolution
		HideSolutionNode = FALSE
	EndGlobalSection
	GlobalSection(ExtensibilityGlobals) = postSolution
		SolutionGuid = {D20087FB-57E2-4C31-B1BB-86602D73E83E}
	EndGlobalSection
EndGlobal
